
Microsoft Visual Studio Solution File, Format Version 12.00
# Visual Studio Version 16
VisualStudioVersion = 16.0.29509.3
MinimumVisualStudioVersion = 10.0.40219.1
Project("{FAE04EC0-301F-11D3-BF4B-00C04F79EFBC}") = "HelloSignWebApp", "HelloSignWebApp\HelloSignWebApp.csproj", "{F345A2E9-456A-45AC-849F-DD453635D782}"
EndProject
Global
	GlobalSection(SolutionConfigurationPlatforms) = preSolution
		Debug|Any CPU = Debug|Any CPU
		Release|Any CPU = Release|Any CPU
	EndGlobalSection
	GlobalSection(ProjectConfigurationPlatforms) = postSolution
		{F345A2E9-456A-45AC-849F-DD453635D782}.Debug|Any CPU.ActiveCfg = Debug|Any CPU
		{F345A2E9-456A-45AC-849F-DD453635D782}.Debug|Any CPU.Build.0 = Debug|Any CPU
		{F345A2E9-456A-45AC-849F-DD453635D782}.Release|Any CPU.ActiveCfg = Release|Any CPU
		{F345A2E9-456A-45AC-849F-DD453635D782}.Release|Any CPU.Build.0 = Release|Any CPU
	EndGlobalSection
	GlobalSection(SolutionProperties) = preSolution
		HideSolutionNode = FALSE
	EndGlobalSection
	GlobalSection(ExtensibilityGlobals) = postSolution
		SolutionGuid = {4970AC1D-B654-43F5-AC4E-45647AA9ABB2}
	EndGlobalSection
EndGlobal
